github.com/go-json-experiment/json v0.0.0-20250417205406-170dfdcf87d1 h1:+VexzzkMLb1tnvpuQdGT/DicIRW7MN8ozsXqBMgp0Hk=
github.com/go-json-experiment/json v0.0.0-20250417205406-170dfdcf87d1/go.mod h1:TiCD2a1pcmjd7YnhGH0f/zKNcCD06B029pHhzV23c2M=
github.com/golang/snappy v1.0.0 h1:Oy607GVXHs7RtbggtPBnr2RmDArIsAefDwvrdWvRhGs=
github.com/golang/snappy v1.0.0/go.mod h1:/XxbfmMg8lxefKM7IXC3fBNl/7bRcc72aCRzEWrmP2Q=
github.com/google/go-cmp v0.7.0 h1:wk8382ETsv4JYUZwIsn6YpYiWiBsYLSJiTsyBybVuN8=
github.com/google/go-cmp v0.7.0/go.mod h1:pXiqmnSA92OHEEa9HXL2W4E7lf9JzCmGVUdgjX3N/iU=
github.com/google/gofuzz v1.0.0 h1:A8PeW59pxE9IoFRqBp37U+mSNaQoZ46F1f0f863XSXw=
github.com/google/gofuzz v1.0.0/go.mod h1:dBl0BpW6vV/+mYPU4Po3pmUjxk6FQPldtuIdl/M65Eg=
github.com/philpearl/avro v0.0.34 h1:AckRZmxYeAKWJv2Y8LJekQ9X0uGGhHIUxRJpGDRQ0H0=
github.com/philpearl/avro v0.0.34/go.mod h1:zjcQ/27uGknzd0HDBEhLAecIyR2gAOjal0/5F4BcoNs=
github.com/philpearl/plenc v0.0.23 h1:oI0bGSS4roSnenfqoxZPiCrLfaFQQj2cJlQqbaSoBGY=
github.com/philpearl/plenc v0.0.23/go.mod h1:KGzulhGoQZdzgCTw2eZ90iUazdniW/FwRKVxSLW4xvk=
