github.com/go-json-experiment/json v0.0.0-20260214004413-d219187c3433 h1:vymEbVwYFP/L05h5TKQxvkXoKxNvTpjxYKdF1Nlwuao=
github.com/go-json-experiment/json v0.0.0-20260214004413-d219187c3433/go.mod h1:tphK2c80bpPhMOI4v6bIc2xWywPfbqi1Z06+RcrMkDg=
github.com/golang/snappy v1.0.0 h1:Oy607GVXHs7RtbggtPBnr2RmDArIsAefDwvrdWvRhGs=
github.com/golang/snappy v1.0.0/go.mod h1:/XxbfmMg8lxefKM7IXC3fBNl/7bRcc72aCRzEWrmP2Q=
github.com/google/go-cmp v0.7.0 h1:wk8382ETsv4JYUZwIsn6YpYiWiBsYLSJiTsyBybVuN8=
github.com/google/go-cmp v0.7.0/go.mod h1:pXiqmnSA92OHEEa9HXL2W4E7lf9JzCmGVUdgjX3N/iU=
github.com/google/gofuzz v1.0.0 h1:A8PeW59pxE9IoFRqBp37U+mSNaQoZ46F1f0f863XSXw=
github.com/google/gofuzz v1.0.0/go.mod h1:dBl0BpW6vV/+mYPU4Po3pmUjxk6FQPldtuIdl/M65Eg=
github.com/philpearl/avro v0.0.36 h1:apAhiV/YCwrjugNj58XO5qv2g8jwvWfvwqIuTmUtsE0=
github.com/philpearl/avro v0.0.36/go.mod h1:KIYiVBvJ0CswdVcjprl7y2flh5fftZAfRaHYQVcEZ4k=
github.com/philpearl/plenc v0.0.25 h1:rrbms7nq3P8vfZfDza6SAAWCLVKycdWKupuN75jAhUQ=
github.com/philpearl/plenc v0.0.25/go.mod h1:CJnzhQ6AK9JQJKsijLbXH5LK9lKwblab08TFdVzBZY8=
